// !$*UTF8*$!
{
	archiveVersion = 1;
	classes = {
	};
	objectVersion = 51;
	objects = {

/* Begin PBXBuildFile section */
		951EB33822B6985E00A9533B /* AppDelegate.swift in Sources */ = {isa = PBXBuildFile; fileRef = 951EB33722B6985E00A9533B /* AppDelegate.swift */; };
		951EB33F22B6986200A9533B /* Assets.xcassets in Resources */ = {isa = PBXBuildFile; fileRef = 951EB33E22B6986200A9533B /* Assets.xcassets */; };
		951EB34222B6986200A9533B /* LaunchScreen.storyboard in Resources */ = {isa = PBXBuildFile; fileRef = 951EB34022B6986200A9533B /* LaunchScreen.storyboard */; };
		951EB35122B698F100A9533B /* FaceNet.swift in Sources */ = {isa = PBXBuildFile; fileRef = 951EB34A22B698F100A9533B /* FaceNet.swift */; };
		951EB35222B698F100A9533B /* modelFacenet.pb in Resources */ = {isa = PBXBuildFile; fileRef = 951EB34C22B698F100A9533B /* modelFacenet.pb */; };
		951EB35322B698F100A9533B /* tensorflow_utils.mm in Sources */ = {isa = PBXBuildFile; fileRef = 951EB34E22B698F100A9533B /* tensorflow_utils.mm */; };
		951EB35422B698F100A9533B /* tfWrap.mm in Sources */ = {isa = PBXBuildFile; fileRef = 951EB35022B698F100A9533B /* tfWrap.mm */; };
		C74123AA68AA5B08B54BAB0F /* Pods_PersonRecognize.framework in Frameworks */ = {isa = PBXBuildFile; fileRef = B9E4B7E8ED1140C3AD203DB7 /* Pods_PersonRecognize.framework */; };
		FB16D9A52521EFE0003C8AB5 /* GoogleService-Info.plist in Resources */ = {isa = PBXBuildFile; fileRef = FB16D9A42521EFE0003C8AB5 /* GoogleService-Info.plist */; };
		FB16D9A82521F0B3003C8AB5 /* KNN.swift in Sources */ = {isa = PBXBuildFile; fileRef = FB16D9A72521F0B3003C8AB5 /* KNN.swift */; };
		FB3D0F97251DA5CA0059CCB6 /* Define.swift in Sources */ = {isa = PBXBuildFile; fileRef = FB3D0F96251DA5CA0059CCB6 /* Define.swift */; };
		FB3D0F9A251DA8AD0059CCB6 /* NetworkChecker.swift in Sources */ = {isa = PBXBuildFile; fileRef = FB3D0F99251DA8AD0059CCB6 /* NetworkChecker.swift */; };
		FB3D0FBE251DAC760059CCB6 /* Date.swift in Sources */ = {isa = PBXBuildFile; fileRef = FB3D0FBD251DAC760059CCB6 /* Date.swift */; };
		FB3D0FC5251DAD650059CCB6 /* String.swift in Sources */ = {isa = PBXBuildFile; fileRef = FB3D0FC4251DAD650059CCB6 /* String.swift */; };
		FB57AA76251CCA4E00B2CCF9 /* FirebaseManager.swift in Sources */ = {isa = PBXBuildFile; fileRef = FB57AA75251CCA4E00B2CCF9 /* FirebaseManager.swift */; };
		FB7502B825198B7100193FF9 /* VectorHelper.swift in Sources */ = {isa = PBXBuildFile; fileRef = FB7502B725198B7100193FF9 /* VectorHelper.swift */; };
		FB9945E82519EA500023E174 /* Vector.swift in Sources */ = {isa = PBXBuildFile; fileRef = FB9945E72519EA500023E174 /* Vector.swift */; };
		FBA1B48A2519052D00A31DF7 /* Image+Resize.swift in Sources */ = {isa = PBXBuildFile; fileRef = FBA1B4842519052D00A31DF7 /* Image+Resize.swift */; };
		FBA1B48B2519052D00A31DF7 /* CustomButton.swift in Sources */ = {isa = PBXBuildFile; fileRef = FBA1B4852519052D00A31DF7 /* CustomButton.swift */; };
		FBA1B48C2519052D00A31DF7 /* DismisKeyboard.swift in Sources */ = {isa = PBXBuildFile; fileRef = FBA1B4862519052D00A31DF7 /* DismisKeyboard.swift */; };
		FBA1B48D2519052D00A31DF7 /* CustomTableViewCell.swift in Sources */ = {isa = PBXBuildFile; fileRef = FBA1B4872519052D00A31DF7 /* CustomTableViewCell.swift */; };
		FBA1B48E2519052D00A31DF7 /* UIDeviceExtension.swift in Sources */ = {isa = PBXBuildFile; fileRef = FBA1B4882519052D00A31DF7 /* UIDeviceExtension.swift */; };
		FBA1B4C62519058B00A31DF7 /* PreviewView.swift in Sources */ = {isa = PBXBuildFile; fileRef = FBA1B4B62519058B00A31DF7 /* PreviewView.swift */; };
		FBA1B4C72519058B00A31DF7 /* FrameViewController.swift in Sources */ = {isa = PBXBuildFile; fileRef = FBA1B4B72519058B00A31DF7 /* FrameViewController.swift */; };
		FBA1B4C82519058B00A31DF7 /* LogTableViewCell.swift in Sources */ = {isa = PBXBuildFile; fileRef = FBA1B4B92519058B00A31DF7 /* LogTableViewCell.swift */; };
		FBA1B4C92519058B00A31DF7 /* ViewLogViewController.swift in Sources */ = {isa = PBXBuildFile; fileRef = FBA1B4BA2519058B00A31DF7 /* ViewLogViewController.swift */; };
		FBA1B4CA2519058B00A31DF7 /* AddNameViewController.swift in Sources */ = {isa = PBXBuildFile; fileRef = FBA1B4BB2519058B00A31DF7 /* AddNameViewController.swift */; };
		FBA1B4CC2519058B00A31DF7 /* HomeViewController.swift in Sources */ = {isa = PBXBuildFile; fileRef = FBA1B4BE2519058B00A31DF7 /* HomeViewController.swift */; };
		FBA1B4CD2519058B00A31DF7 /* ViewFaceViewController.swift in Sources */ = {isa = PBXBuildFile; fileRef = FBA1B4BF2519058B00A31DF7 /* ViewFaceViewController.swift */; };
		FBA1B4CE2519058B00A31DF7 /* UserData.swift in Sources */ = {isa = PBXBuildFile; fileRef = FBA1B4C02519058B00A31DF7 /* UserData.swift */; };
		FBA1B4D02519058B00A31DF7 /* PredictImageViewController.swift in Sources */ = {isa = PBXBuildFile; fileRef = FBA1B4C22519058B00A31DF7 /* PredictImageViewController.swift */; };
		FBA1B4D12519058B00A31DF7 /* VideoView.swift in Sources */ = {isa = PBXBuildFile; fileRef = FBA1B4C42519058B00A31DF7 /* VideoView.swift */; };
		FBA1B4D22519058B00A31DF7 /* RecordVideoViewController.swift in Sources */ = {isa = PBXBuildFile; fileRef = FBA1B4C52519058B00A31DF7 /* RecordVideoViewController.swift */; };
		FBA1B4DD251905A100A31DF7 /* Global.swift in Sources */ = {isa = PBXBuildFile; fileRef = FBA1B4D6251905A100A31DF7 /* Global.swift */; };
		FBA1B4DF251905A100A31DF7 /* User.swift in Sources */ = {isa = PBXBuildFile; fileRef = FBA1B4D8251905A100A31DF7 /* User.swift */; };
		FBA1B4E1251905A100A31DF7 /* ImageDataset.swift in Sources */ = {isa = PBXBuildFile; fileRef = FBA1B4DA251905A100A31DF7 /* ImageDataset.swift */; };
		FBA1B4E2251905A100A31DF7 /* CreateUserData.swift in Sources */ = {isa = PBXBuildFile; fileRef = FBA1B4DB251905A100A31DF7 /* CreateUserData.swift */; };
		FBA1B4E3251905A100A31DF7 /* Helper.swift in Sources */ = {isa = PBXBuildFile; fileRef = FBA1B4DC251905A100A31DF7 /* Helper.swift */; };
		FBA1B4E8251905A800A31DF7 /* Main.storyboard in Resources */ = {isa = PBXBuildFile; fileRef = FBA1B4E6251905A800A31DF7 /* Main.storyboard */; };
		FBC5AC0B251AEE6D0016995C /* UIViewController+ShowDialog.swift in Sources */ = {isa = PBXBuildFile; fileRef = FBC5AC0A251AEE6D0016995C /* UIViewController+ShowDialog.swift */; };
		FBDD06AC251DDFA0002AF9F9 /* KMean.swift in Sources */ = {isa = PBXBuildFile; fileRef = FBDD06AB251DDFA0002AF9F9 /* KMean.swift */; };
/* End PBXBuildFile section */

/* Begin PBXFileReference section */
		43FBB4A03133E68FA1BD6073 /* Pods-PersonRecognize.release.xcconfig */ = {isa = PBXFileReference; includeInIndex = 1; lastKnownFileType = text.xcconfig; name = "Pods-PersonRecognize.release.xcconfig"; path = "Target Support Files/Pods-PersonRecognize/Pods-PersonRecognize.release.xcconfig"; sourceTree = "<group>"; };
		5463543A1B0A1372F08C75F6 /* Pods_SimpleFacenet.framework */ = {isa = PBXFileReference; explicitFileType = wrapper.framework; includeInIndex = 0; path = Pods_SimpleFacenet.framework; sourceTree = BUILT_PRODUCTS_DIR; };
		951EB33422B6985E00A9533B /* PersonRecognize.app */ = {isa = PBXFileReference; explicitFileType = wrapper.application; includeInIndex = 0; path = PersonRecognize.app; sourceTree = BUILT_PRODUCTS_DIR; };
		951EB33722B6985E00A9533B /* AppDelegate.swift */ = {isa = PBXFileReference; lastKnownFileType = sourcecode.swift; path = AppDelegate.swift; sourceTree = "<group>"; };
		951EB33E22B6986200A9533B /* Assets.xcassets */ = {isa = PBXFileReference; lastKnownFileType = folder.assetcatalog; path = Assets.xcassets; sourceTree = "<group>"; };
		951EB34122B6986200A9533B /* Base */ = {isa = PBXFileReference; lastKnownFileType = file.storyboard; name = Base; path = Base.lproj/LaunchScreen.storyboard; sourceTree = "<group>"; };
		951EB34322B6986200A9533B /* Info.plist */ = {isa = PBXFileReference; lastKnownFileType = text.plist.xml; path = Info.plist; sourceTree = "<group>"; };
		951EB34A22B698F100A9533B /* FaceNet.swift */ = {isa = PBXFileReference; fileEncoding = 4; lastKnownFileType = sourcecode.swift; path = FaceNet.swift; sourceTree = "<group>"; };
		951EB34C22B698F100A9533B /* modelFacenet.pb */ = {isa = PBXFileReference; lastKnownFileType = file; path = modelFacenet.pb; sourceTree = "<group>"; };
		951EB34D22B698F100A9533B /* tensorflow_utils.h */ = {isa = PBXFileReference; fileEncoding = 4; lastKnownFileType = sourcecode.c.h; path = tensorflow_utils.h; sourceTree = "<group>"; };
		951EB34E22B698F100A9533B /* tensorflow_utils.mm */ = {isa = PBXFileReference; fileEncoding = 4; lastKnownFileType = sourcecode.cpp.objcpp; path = tensorflow_utils.mm; sourceTree = "<group>"; };
		951EB34F22B698F100A9533B /* tfWrap.h */ = {isa = PBXFileReference; fileEncoding = 4; lastKnownFileType = sourcecode.c.h; path = tfWrap.h; sourceTree = "<group>"; };
		951EB35022B698F100A9533B /* tfWrap.mm */ = {isa = PBXFileReference; fileEncoding = 4; lastKnownFileType = sourcecode.cpp.objcpp; path = tfWrap.mm; sourceTree = "<group>"; };
		951EB35822B6994100A9533B /* Bridging-Header.h */ = {isa = PBXFileReference; lastKnownFileType = sourcecode.c.h; path = "Bridging-Header.h"; sourceTree = "<group>"; };
		B9E4B7E8ED1140C3AD203DB7 /* Pods_PersonRecognize.framework */ = {isa = PBXFileReference; explicitFileType = wrapper.framework; includeInIndex = 0; path = Pods_PersonRecognize.framework; sourceTree = BUILT_PRODUCTS_DIR; };
		C4CD8E9AA2201D33964A3CCD /* Pods-PersonRecognize.debug.xcconfig */ = {isa = PBXFileReference; includeInIndex = 1; lastKnownFileType = text.xcconfig; name = "Pods-PersonRecognize.debug.xcconfig"; path = "Target Support Files/Pods-PersonRecognize/Pods-PersonRecognize.debug.xcconfig"; sourceTree = "<group>"; };
		FB16D9A42521EFE0003C8AB5 /* GoogleService-Info.plist */ = {isa = PBXFileReference; fileEncoding = 4; lastKnownFileType = text.plist.xml; name = "GoogleService-Info.plist"; path = "../../../../Downloads/GoogleService-Info.plist"; sourceTree = "<group>"; };
		FB16D9A72521F0B3003C8AB5 /* KNN.swift */ = {isa = PBXFileReference; lastKnownFileType = sourcecode.swift; path = KNN.swift; sourceTree = "<group>"; };
		FB3D0F96251DA5CA0059CCB6 /* Define.swift */ = {isa = PBXFileReference; lastKnownFileType = sourcecode.swift; path = Define.swift; sourceTree = "<group>"; };
		FB3D0F99251DA8AD0059CCB6 /* NetworkChecker.swift */ = {isa = PBXFileReference; lastKnownFileType = sourcecode.swift; path = NetworkChecker.swift; sourceTree = "<group>"; };
		FB3D0FBD251DAC760059CCB6 /* Date.swift */ = {isa = PBXFileReference; lastKnownFileType = sourcecode.swift; path = Date.swift; sourceTree = "<group>"; };
		FB3D0FC4251DAD650059CCB6 /* String.swift */ = {isa = PBXFileReference; lastKnownFileType = sourcecode.swift; path = String.swift; sourceTree = "<group>"; };
		FB57AA75251CCA4E00B2CCF9 /* FirebaseManager.swift */ = {isa = PBXFileReference; lastKnownFileType = sourcecode.swift; path = FirebaseManager.swift; sourceTree = "<group>"; };
		FB7502B725198B7100193FF9 /* VectorHelper.swift */ = {isa = PBXFileReference; lastKnownFileType = sourcecode.swift; path = VectorHelper.swift; sourceTree = "<group>"; };
		FB9945E72519EA500023E174 /* Vector.swift */ = {isa = PBXFileReference; lastKnownFileType = sourcecode.swift; path = Vector.swift; sourceTree = "<group>"; };
		FBA1B4842519052D00A31DF7 /* Image+Resize.swift */ = {isa = PBXFileReference; fileEncoding = 4; lastKnownFileType = sourcecode.swift; path = "Image+Resize.swift"; sourceTree = "<group>"; };
		FBA1B4852519052D00A31DF7 /* CustomButton.swift */ = {isa = PBXFileReference; fileEncoding = 4; lastKnownFileType = sourcecode.swift; path = CustomButton.swift; sourceTree = "<group>"; };
		FBA1B4862519052D00A31DF7 /* DismisKeyboard.swift */ = {isa = PBXFileReference; fileEncoding = 4; lastKnownFileType = sourcecode.swift; path = DismisKeyboard.swift; sourceTree = "<group>"; };
		FBA1B4872519052D00A31DF7 /* CustomTableViewCell.swift */ = {isa = PBXFileReference; fileEncoding = 4; lastKnownFileType = sourcecode.swift; path = CustomTableViewCell.swift; sourceTree = "<group>"; };
		FBA1B4882519052D00A31DF7 /* UIDeviceExtension.swift */ = {isa = PBXFileReference; fileEncoding = 4; lastKnownFileType = sourcecode.swift; path = UIDeviceExtension.swift; sourceTree = "<group>"; };
		FBA1B4B62519058B00A31DF7 /* PreviewView.swift */ = {isa = PBXFileReference; fileEncoding = 4; lastKnownFileType = sourcecode.swift; path = PreviewView.swift; sourceTree = "<group>"; };
		FBA1B4B72519058B00A31DF7 /* FrameViewController.swift */ = {isa = PBXFileReference; fileEncoding = 4; lastKnownFileType = sourcecode.swift; path = FrameViewController.swift; sourceTree = "<group>"; };
		FBA1B4B92519058B00A31DF7 /* LogTableViewCell.swift */ = {isa = PBXFileReference; fileEncoding = 4; lastKnownFileType = sourcecode.swift; path = LogTableViewCell.swift; sourceTree = "<group>"; };
		FBA1B4BA2519058B00A31DF7 /* ViewLogViewController.swift */ = {isa = PBXFileReference; fileEncoding = 4; lastKnownFileType = sourcecode.swift; path = ViewLogViewController.swift; sourceTree = "<group>"; };
		FBA1B4BB2519058B00A31DF7 /* AddNameViewController.swift */ = {isa = PBXFileReference; fileEncoding = 4; lastKnownFileType = sourcecode.swift; path = AddNameViewController.swift; sourceTree = "<group>"; };
		FBA1B4BE2519058B00A31DF7 /* HomeViewController.swift */ = {isa = PBXFileReference; fileEncoding = 4; lastKnownFileType = sourcecode.swift; path = HomeViewController.swift; sourceTree = "<group>"; };
		FBA1B4BF2519058B00A31DF7 /* ViewFaceViewController.swift */ = {isa = PBXFileReference; fileEncoding = 4; lastKnownFileType = sourcecode.swift; path = ViewFaceViewController.swift; sourceTree = "<group>"; };
		FBA1B4C02519058B00A31DF7 /* UserData.swift */ = {isa = PBXFileReference; fileEncoding = 4; lastKnownFileType = sourcecode.swift; path = UserData.swift; sourceTree = "<group>"; };
		FBA1B4C22519058B00A31DF7 /* PredictImageViewController.swift */ = {isa = PBXFileReference; fileEncoding = 4; lastKnownFileType = sourcecode.swift; path = PredictImageViewController.swift; sourceTree = "<group>"; };
		FBA1B4C42519058B00A31DF7 /* VideoView.swift */ = {isa = PBXFileReference; fileEncoding = 4; lastKnownFileType = sourcecode.swift; path = VideoView.swift; sourceTree = "<group>"; };
		FBA1B4C52519058B00A31DF7 /* RecordVideoViewController.swift */ = {isa = PBXFileReference; fileEncoding = 4; lastKnownFileType = sourcecode.swift; path = RecordVideoViewController.swift; sourceTree = "<group>"; };
		FBA1B4D6251905A100A31DF7 /* Global.swift */ = {isa = PBXFileReference; fileEncoding = 4; lastKnownFileType = sourcecode.swift; path = Global.swift; sourceTree = "<group>"; };
		FBA1B4D8251905A100A31DF7 /* User.swift */ = {isa = PBXFileReference; fileEncoding = 4; lastKnownFileType = sourcecode.swift; path = User.swift; sourceTree = "<group>"; };
		FBA1B4DA251905A100A31DF7 /* ImageDataset.swift */ = {isa = PBXFileReference; fileEncoding = 4; lastKnownFileType = sourcecode.swift; path = ImageDataset.swift; sourceTree = "<group>"; };
		FBA1B4DB251905A100A31DF7 /* CreateUserData.swift */ = {isa = PBXFileReference; fileEncoding = 4; lastKnownFileType = sourcecode.swift; path = CreateUserData.swift; sourceTree = "<group>"; };
		FBA1B4DC251905A100A31DF7 /* Helper.swift */ = {isa = PBXFileReference; fileEncoding = 4; lastKnownFileType = sourcecode.swift; path = Helper.swift; sourceTree = "<group>"; };
		FBA1B4E7251905A800A31DF7 /* Base */ = {isa = PBXFileReference; lastKnownFileType = file.storyboard; name = Base; path = Base.lproj/Main.storyboard; sourceTree = "<group>"; };
		FBC5AC0A251AEE6D0016995C /* UIViewController+ShowDialog.swift */ = {isa = PBXFileReference; lastKnownFileType = sourcecode.swift; path = "UIViewController+ShowDialog.swift"; sourceTree = "<group>"; };
		FBDD06AB251DDFA0002AF9F9 /* KMean.swift */ = {isa = PBXFileReference; lastKnownFileType = sourcecode.swift; path = KMean.swift; sourceTree = "<group>"; };
/* End PBXFileReference section */

/* Begin PBXFrameworksBuildPhase section */
		951EB33122B6985E00A9533B /* Frameworks */ = {
			isa = PBXFrameworksBuildPhase;
			buildActionMask = 2147483647;
			files = (
				C74123AA68AA5B08B54BAB0F /* Pods_PersonRecognize.framework in Frameworks */,
			);
			runOnlyForDeploymentPostprocessing = 0;
		};
/* End PBXFrameworksBuildPhase section */

/* Begin PBXGroup section */
		5EA2F43CDDCF261339AA88CA /* Frameworks */ = {
			isa = PBXGroup;
			children = (
				5463543A1B0A1372F08C75F6 /* Pods_SimpleFacenet.framework */,
				B9E4B7E8ED1140C3AD203DB7 /* Pods_PersonRecognize.framework */,
			);
			name = Frameworks;
			sourceTree = "<group>";
		};
		951EB32B22B6985D00A9533B = {
			isa = PBXGroup;
			children = (
				951EB33622B6985E00A9533B /* PersonRecognize */,
				951EB33522B6985E00A9533B /* Products */,
				DE9185908FC6CE7D4B410D89 /* Pods */,
				5EA2F43CDDCF261339AA88CA /* Frameworks */,
			);
			sourceTree = "<group>";
		};
		951EB33522B6985E00A9533B /* Products */ = {
			isa = PBXGroup;
			children = (
				951EB33422B6985E00A9533B /* PersonRecognize.app */,
			);
			name = Products;
			sourceTree = "<group>";
		};
		951EB33622B6985E00A9533B /* PersonRecognize */ = {
			isa = PBXGroup;
			children = (
				FBA1B4B42519058B00A31DF7 /* ViewController */,
				FBA1B4832519052D00A31DF7 /* Utils */,
				FBA1B4E5251905A800A31DF7 /* View */,
				FBA1B4D5251905A100A31DF7 /* Core */,
				951EB34922B698F100A9533B /* Tensorflow */,
				951EB35822B6994100A9533B /* Bridging-Header.h */,
				951EB33E22B6986200A9533B /* Assets.xcassets */,
				951EB33722B6985E00A9533B /* AppDelegate.swift */,
				FB16D9A42521EFE0003C8AB5 /* GoogleService-Info.plist */,
				951EB34322B6986200A9533B /* Info.plist */,
			);
			path = PersonRecognize;
			sourceTree = "<group>";
		};
		951EB34922B698F100A9533B /* Tensorflow */ = {
			isa = PBXGroup;
			children = (
				951EB34A22B698F100A9533B /* FaceNet.swift */,
				951EB34B22B698F100A9533B /* Graph */,
				951EB34D22B698F100A9533B /* tensorflow_utils.h */,
				951EB34E22B698F100A9533B /* tensorflow_utils.mm */,
				951EB34F22B698F100A9533B /* tfWrap.h */,
				951EB35022B698F100A9533B /* tfWrap.mm */,
			);
			path = Tensorflow;
			sourceTree = "<group>";
		};
		951EB34B22B698F100A9533B /* Graph */ = {
			isa = PBXGroup;
			children = (
				951EB34C22B698F100A9533B /* modelFacenet.pb */,
			);
			path = Graph;
			sourceTree = "<group>";
		};
		DE9185908FC6CE7D4B410D89 /* Pods */ = {
			isa = PBXGroup;
			children = (
				C4CD8E9AA2201D33964A3CCD /* Pods-PersonRecognize.debug.xcconfig */,
				43FBB4A03133E68FA1BD6073 /* Pods-PersonRecognize.release.xcconfig */,
			);
			path = Pods;
			sourceTree = "<group>";
		};
		FBA1B4832519052D00A31DF7 /* Utils */ = {
			isa = PBXGroup;
			children = (
				FBA1B4842519052D00A31DF7 /* Image+Resize.swift */,
				FB3D0FC4251DAD650059CCB6 /* String.swift */,
				FB3D0FBD251DAC760059CCB6 /* Date.swift */,
				FBC5AC0A251AEE6D0016995C /* UIViewController+ShowDialog.swift */,
				FBA1B4852519052D00A31DF7 /* CustomButton.swift */,
				FBA1B4862519052D00A31DF7 /* DismisKeyboard.swift */,
				FBA1B4882519052D00A31DF7 /* UIDeviceExtension.swift */,
			);
			path = Utils;
			sourceTree = "<group>";
		};
		FBA1B4B42519058B00A31DF7 /* ViewController */ = {
			isa = PBXGroup;
			children = (
				FBA1B4BE2519058B00A31DF7 /* HomeViewController.swift */,
				FBA1B4BB2519058B00A31DF7 /* AddNameViewController.swift */,
				FBA1B4C02519058B00A31DF7 /* UserData.swift */,
				FBA1B4C22519058B00A31DF7 /* PredictImageViewController.swift */,
				FBC5AC08251AED240016995C /* View Face */,
				FBA1B4B82519058B00A31DF7 /* View Log */,
				FBA1B4B52519058B00A31DF7 /* PredictOnFrame */,
				FBA1B4C32519058B00A31DF7 /* RecordVideo */,
			);
			path = ViewController;
			sourceTree = "<group>";
		};
		FBA1B4B52519058B00A31DF7 /* PredictOnFrame */ = {
			isa = PBXGroup;
			children = (
				FBA1B4B62519058B00A31DF7 /* PreviewView.swift */,
				FBA1B4B72519058B00A31DF7 /* FrameViewController.swift */,
			);
			path = PredictOnFrame;
			sourceTree = "<group>";
		};
		FBA1B4B82519058B00A31DF7 /* View Log */ = {
			isa = PBXGroup;
			children = (
				FBA1B4B92519058B00A31DF7 /* LogTableViewCell.swift */,
				FBA1B4BA2519058B00A31DF7 /* ViewLogViewController.swift */,
			);
			path = "View Log";
			sourceTree = "<group>";
		};
		FBA1B4C32519058B00A31DF7 /* RecordVideo */ = {
			isa = PBXGroup;
			children = (
				FBA1B4C42519058B00A31DF7 /* VideoView.swift */,
				FBA1B4C52519058B00A31DF7 /* RecordVideoViewController.swift */,
			);
			path = RecordVideo;
			sourceTree = "<group>";
		};
		FBA1B4D5251905A100A31DF7 /* Core */ = {
			isa = PBXGroup;
			children = (
				FBA1B4D6251905A100A31DF7 /* Global.swift */,
				FB3D0F99251DA8AD0059CCB6 /* NetworkChecker.swift */,
				FBDD06AB251DDFA0002AF9F9 /* KMean.swift */,
				FB9945E72519EA500023E174 /* Vector.swift */,
				FBA1B4D8251905A100A31DF7 /* User.swift */,
				FBA1B4DA251905A100A31DF7 /* ImageDataset.swift */,
				FB57AA75251CCA4E00B2CCF9 /* FirebaseManager.swift */,
				FBA1B4DB251905A100A31DF7 /* CreateUserData.swift */,
				FB16D9A72521F0B3003C8AB5 /* KNN.swift */,
				FBA1B4DC251905A100A31DF7 /* Helper.swift */,
				FB7502B725198B7100193FF9 /* VectorHelper.swift */,
				FB3D0F96251DA5CA0059CCB6 /* Define.swift */,
			);
			path = Core;
			sourceTree = "<group>";
		};
		FBA1B4E5251905A800A31DF7 /* View */ = {
			isa = PBXGroup;
			children = (
				FBA1B4E6251905A800A31DF7 /* Main.storyboard */,
				951EB34022B6986200A9533B /* LaunchScreen.storyboard */,
			);
			path = View;
			sourceTree = "<group>";
		};
		FBC5AC08251AED240016995C /* View Face */ = {
			isa = PBXGroup;
			children = (
				FBA1B4872519052D00A31DF7 /* CustomTableViewCell.swift */,
				FBA1B4BF2519058B00A31DF7 /* ViewFaceViewController.swift */,
			);
			path = "View Face";
			sourceTree = "<group>";
		};
/* End PBXGroup section */

/* Begin PBXNativeTarget section */
		951EB33322B6985E00A9533B /* PersonRecognize */ = {
			isa = PBXNativeTarget;
			buildConfigurationList = 951EB34622B6986200A9533B /* Build configuration list for PBXNativeTarget "PersonRecognize" */;
			buildPhases = (
				412ED670A451034CD6D10C15 /* [CP] Check Pods Manifest.lock */,
				951EB33022B6985E00A9533B /* Sources */,
				951EB33122B6985E00A9533B /* Frameworks */,
				951EB33222B6985E00A9533B /* Resources */,
				8CBB9D1182A4B63BCC2CC5BA /* [CP] Embed Pods Frameworks */,
			);
			buildRules = (
			);
			dependencies = (
			);
			name = PersonRecognize;
			productName = SimpleFacenet;
			productReference = 951EB33422B6985E00A9533B /* PersonRecognize.app */;
			productType = "com.apple.product-type.application";
		};
/* End PBXNativeTarget section */

/* Begin PBXProject section */
		951EB32C22B6985D00A9533B /* Project object */ = {
			isa = PBXProject;
			attributes = {
				LastSwiftUpdateCheck = 0940;
				LastUpgradeCheck = 0940;
				ORGANIZATIONNAME = "Sun*";
				TargetAttributes = {
					951EB33322B6985E00A9533B = {
						CreatedOnToolsVersion = 9.4.1;
					};
				};
			};
			buildConfigurationList = 951EB32F22B6985D00A9533B /* Build configuration list for PBXProject "PersonRecognize" */;
			compatibilityVersion = "Xcode 9.3";
			developmentRegion = en;
			hasScannedForEncodings = 0;
			knownRegions = (
				en,
				Base,
			);
			mainGroup = 951EB32B22B6985D00A9533B;
			productRefGroup = 951EB33522B6985E00A9533B /* Products */;
			projectDirPath = "";
			projectRoot = "";
			targets = (
				951EB33322B6985E00A9533B /* PersonRecognize */,
			);
		};
/* End PBXProject section */

/* Begin PBXResourcesBuildPhase section */
		951EB33222B6985E00A9533B /* Resources */ = {
			isa = PBXResourcesBuildPhase;
			buildActionMask = 2147483647;
			files = (
				951EB34222B6986200A9533B /* LaunchScreen.storyboard in Resources */,
				FBA1B4E8251905A800A31DF7 /* Main.storyboard in Resources */,
				FB16D9A52521EFE0003C8AB5 /* GoogleService-Info.plist in Resources */,
				951EB33F22B6986200A9533B /* Assets.xcassets in Resources */,
				951EB35222B698F100A9533B /* modelFacenet.pb in Resources */,
			);
			runOnlyForDeploymentPostprocessing = 0;
		};
/* End PBXResourcesBuildPhase section */

/* Begin PBXShellScriptBuildPhase section */
		412ED670A451034CD6D10C15 /* [CP] Check Pods Manifest.lock */ = {
			isa = PBXShellScriptBuildPhase;
			buildActionMask = 2147483647;
			files = (
			);
			inputPaths = (
				"${PODS_PODFILE_DIR_PATH}/Podfile.lock",
				"${PODS_ROOT}/Manifest.lock",
			);
			name = "[CP] Check Pods Manifest.lock";
			outputPaths = (
				"$(DERIVED_FILE_DIR)/Pods-PersonRecognize-checkManifestLockResult.txt",
			);
			runOnlyForDeploymentPostprocessing = 0;
			shellPath = /bin/sh;
			shellScript = "diff \"${PODS_PODFILE_DIR_PATH}/Podfile.lock\" \"${PODS_ROOT}/Manifest.lock\" > /dev/null\nif [ $? != 0 ] ; then\n    # print error to STDERR\n    echo \"error: The sandbox is not in sync with the Podfile.lock. Run 'pod install' or update your CocoaPods installation.\" >&2\n    exit 1\nfi\n# This output is used by Xcode 'outputs' to avoid re-running this script phase.\necho \"SUCCESS\" > \"${SCRIPT_OUTPUT_FILE_0}\"\n";
			showEnvVarsInLog = 0;
		};
		8CBB9D1182A4B63BCC2CC5BA /* [CP] Embed Pods Frameworks */ = {
			isa = PBXShellScriptBuildPhase;
			buildActionMask = 2147483647;
			files = (
			);
			inputFileListPaths = (
				"${PODS_ROOT}/Target Support Files/Pods-PersonRecognize/Pods-PersonRecognize-frameworks-${CONFIGURATION}-input-files.xcfilelist",
			);
			name = "[CP] Embed Pods Frameworks";
			outputFileListPaths = (
				"${PODS_ROOT}/Target Support Files/Pods-PersonRecognize/Pods-PersonRecognize-frameworks-${CONFIGURATION}-output-files.xcfilelist",
			);
			runOnlyForDeploymentPostprocessing = 0;
			shellPath = /bin/sh;
			shellScript = "\"${PODS_ROOT}/Target Support Files/Pods-PersonRecognize/Pods-PersonRecognize-frameworks.sh\"\n";
			showEnvVarsInLog = 0;
		};
/* End PBXShellScriptBuildPhase section */

/* Begin PBXSourcesBuildPhase section */
		951EB33022B6985E00A9533B /* Sources */ = {
			isa = PBXSourcesBuildPhase;
			buildActionMask = 2147483647;
			files = (
				FBA1B4E2251905A100A31DF7 /* CreateUserData.swift in Sources */,
				FB7502B825198B7100193FF9 /* VectorHelper.swift in Sources */,
				FBA1B4C72519058B00A31DF7 /* FrameViewController.swift in Sources */,
				FB3D0FBE251DAC760059CCB6 /* Date.swift in Sources */,
				FBA1B4CD2519058B00A31DF7 /* ViewFaceViewController.swift in Sources */,
				FBA1B4DF251905A100A31DF7 /* User.swift in Sources */,
				FBA1B4C62519058B00A31DF7 /* PreviewView.swift in Sources */,
				FBA1B48A2519052D00A31DF7 /* Image+Resize.swift in Sources */,
				FBA1B4C82519058B00A31DF7 /* LogTableViewCell.swift in Sources */,
				FBA1B4D12519058B00A31DF7 /* VideoView.swift in Sources */,
				951EB35422B698F100A9533B /* tfWrap.mm in Sources */,
				FBA1B4C92519058B00A31DF7 /* ViewLogViewController.swift in Sources */,
				FBDD06AC251DDFA0002AF9F9 /* KMean.swift in Sources */,
				FB3D0FC5251DAD650059CCB6 /* String.swift in Sources */,
				FBA1B48C2519052D00A31DF7 /* DismisKeyboard.swift in Sources */,
				FBA1B4D02519058B00A31DF7 /* PredictImageViewController.swift in Sources */,
				FBA1B4DD251905A100A31DF7 /* Global.swift in Sources */,
				FBA1B4D22519058B00A31DF7 /* RecordVideoViewController.swift in Sources */,
				FBA1B4CE2519058B00A31DF7 /* UserData.swift in Sources */,
				FBA1B48B2519052D00A31DF7 /* CustomButton.swift in Sources */,
				FBA1B4E3251905A100A31DF7 /* Helper.swift in Sources */,
				FBA1B4CC2519058B00A31DF7 /* HomeViewController.swift in Sources */,
				FB57AA76251CCA4E00B2CCF9 /* FirebaseManager.swift in Sources */,
				FB9945E82519EA500023E174 /* Vector.swift in Sources */,
				FBA1B48E2519052D00A31DF7 /* UIDeviceExtension.swift in Sources */,
				FBA1B48D2519052D00A31DF7 /* CustomTableViewCell.swift in Sources */,
				FBA1B4E1251905A100A31DF7 /* ImageDataset.swift in Sources */,
				FB16D9A82521F0B3003C8AB5 /* KNN.swift in Sources */,
				FBC5AC0B251AEE6D0016995C /* UIViewController+ShowDialog.swift in Sources */,
				FB3D0F9A251DA8AD0059CCB6 /* NetworkChecker.swift in Sources */,
				FBA1B4CA2519058B00A31DF7 /* AddNameViewController.swift in Sources */,
				951EB35122B698F100A9533B /* FaceNet.swift in Sources */,
				951EB35322B698F100A9533B /* tensorflow_utils.mm in Sources */,
				FB3D0F97251DA5CA0059CCB6 /* Define.swift in Sources */,
				951EB33822B6985E00A9533B /* AppDelegate.swift in Sources */,
			);
			runOnlyForDeploymentPostprocessing = 0;
		};
/* End PBXSourcesBuildPhase section */

/* Begin PBXVariantGroup section */
		951EB34022B6986200A9533B /* LaunchScreen.storyboard */ = {
			isa = PBXVariantGroup;
			children = (
				951EB34122B6986200A9533B /* Base */,
			);
			name = LaunchScreen.storyboard;
			sourceTree = "<group>";
		};
		FBA1B4E6251905A800A31DF7 /* Main.storyboard */ = {
			isa = PBXVariantGroup;
			children = (
				FBA1B4E7251905A800A31DF7 /* Base */,
			);
			name = Main.storyboard;
			sourceTree = "<group>";
		};
/* End PBXVariantGroup section */

/* Begin XCBuildConfiguration section */
		951EB34422B6986200A9533B /* Debug */ = {
			isa = XCBuildConfiguration;
			buildSettings = {
				ALWAYS_SEARCH_USER_PATHS = NO;
				CLANG_ANALYZER_NONNULL = YES;
				CLANG_ANALYZER_NUMBER_OBJECT_CONVERSION = YES_AGGRESSIVE;
				CLANG_CXX_LANGUAGE_STANDARD = "gnu++14";
				CLANG_CXX_LIBRARY = "libc++";
				CLANG_ENABLE_MODULES = YES;
				CLANG_ENABLE_OBJC_ARC = YES;
				CLANG_ENABLE_OBJC_WEAK = YES;
				CLANG_WARN_BLOCK_CAPTURE_AUTORELEASING = YES;
				CLANG_WARN_BOOL_CONVERSION = YES;
				CLANG_WARN_COMMA = YES;
				CLANG_WARN_CONSTANT_CONVERSION = YES;
				CLANG_WARN_DEPRECATED_OBJC_IMPLEMENTATIONS = YES;
				CLANG_WARN_DIRECT_OBJC_ISA_USAGE = YES_ERROR;
				CLANG_WARN_DOCUMENTATION_COMMENTS = YES;
				CLANG_WARN_EMPTY_BODY = YES;
				CLANG_WARN_ENUM_CONVERSION = YES;
				CLANG_WARN_INFINITE_RECURSION = YES;
				CLANG_WARN_INT_CONVERSION = YES;
				CLANG_WARN_NON_LITERAL_NULL_CONVERSION = YES;
				CLANG_WARN_OBJC_IMPLICIT_RETAIN_SELF = YES;
				CLANG_WARN_OBJC_LITERAL_CONVERSION = YES;
				CLANG_WARN_OBJC_ROOT_CLASS = YES_ERROR;
				CLANG_WARN_RANGE_LOOP_ANALYSIS = YES;
				CLANG_WARN_STRICT_PROTOTYPES = YES;
				CLANG_WARN_SUSPICIOUS_MOVE = YES;
				CLANG_WARN_UNGUARDED_AVAILABILITY = YES_AGGRESSIVE;
				CLANG_WARN_UNREACHABLE_CODE = YES;
				CLANG_WARN__DUPLICATE_METHOD_MATCH = YES;
				CODE_SIGN_IDENTITY = "iPhone Developer";
				COPY_PHASE_STRIP = NO;
				DEBUG_INFORMATION_FORMAT = dwarf;
				ENABLE_STRICT_OBJC_MSGSEND = YES;
				ENABLE_TESTABILITY = YES;
				GCC_C_LANGUAGE_STANDARD = gnu11;
				GCC_DYNAMIC_NO_PIC = NO;
				GCC_NO_COMMON_BLOCKS = YES;
				GCC_OPTIMIZATION_LEVEL = 0;
				GCC_PREPROCESSOR_DEFINITIONS = (
					"DEBUG=1",
					"$(inherited)",
				);
				GCC_WARN_64_TO_32_BIT_CONVERSION = YES;
				GCC_WARN_ABOUT_RETURN_TYPE = YES_ERROR;
				GCC_WARN_UNDECLARED_SELECTOR = YES;
				GCC_WARN_UNINITIALIZED_AUTOS = YES_AGGRESSIVE;
				GCC_WARN_UNUSED_FUNCTION = YES;
				GCC_WARN_UNUSED_VARIABLE = YES;
				IPHONEOS_DEPLOYMENT_TARGET = 13.0;
				MTL_ENABLE_DEBUG_INFO = YES;
				ONLY_ACTIVE_ARCH = YES;
				SDKROOT = iphoneos;
				SWIFT_ACTIVE_COMPILATION_CONDITIONS = DEBUG;
				SWIFT_OPTIMIZATION_LEVEL = "-Onone";
			};
			name = Debug;
		};
		951EB34522B6986200A9533B /* Release */ = {
			isa = XCBuildConfiguration;
			buildSettings = {
				ALWAYS_SEARCH_USER_PATHS = NO;
				CLANG_ANALYZER_NONNULL = YES;
				CLANG_ANALYZER_NUMBER_OBJECT_CONVERSION = YES_AGGRESSIVE;
				CLANG_CXX_LANGUAGE_STANDARD = "gnu++14";
				CLANG_CXX_LIBRARY = "libc++";
				CLANG_ENABLE_MODULES = YES;
				CLANG_ENABLE_OBJC_ARC = YES;
				CLANG_ENABLE_OBJC_WEAK = YES;
				CLANG_WARN_BLOCK_CAPTURE_AUTORELEASING = YES;
				CLANG_WARN_BOOL_CONVERSION = YES;
				CLANG_WARN_COMMA = YES;
				CLANG_WARN_CONSTANT_CONVERSION = YES;
				CLANG_WARN_DEPRECATED_OBJC_IMPLEMENTATIONS = YES;
				CLANG_WARN_DIRECT_OBJC_ISA_USAGE = YES_ERROR;
				CLANG_WARN_DOCUMENTATION_COMMENTS = YES;
				CLANG_WARN_EMPTY_BODY = YES;
				CLANG_WARN_ENUM_CONVERSION = YES;
				CLANG_WARN_INFINITE_RECURSION = YES;
				CLANG_WARN_INT_CONVERSION = YES;
				CLANG_WARN_NON_LITERAL_NULL_CONVERSION = YES;
				CLANG_WARN_OBJC_IMPLICIT_RETAIN_SELF = YES;
				CLANG_WARN_OBJC_LITERAL_CONVERSION = YES;
				CLANG_WARN_OBJC_ROOT_CLASS = YES_ERROR;
				CLANG_WARN_RANGE_LOOP_ANALYSIS = YES;
				CLANG_WARN_STRICT_PROTOTYPES = YES;
				CLANG_WARN_SUSPICIOUS_MOVE = YES;
				CLANG_WARN_UNGUARDED_AVAILABILITY = YES_AGGRESSIVE;
				CLANG_WARN_UNREACHABLE_CODE = YES;
				CLANG_WARN__DUPLICATE_METHOD_MATCH = YES;
				CODE_SIGN_IDENTITY = "iPhone Developer";
				COPY_PHASE_STRIP = NO;
				DEBUG_INFORMATION_FORMAT = "dwarf-with-dsym";
				ENABLE_NS_ASSERTIONS = NO;
				ENABLE_STRICT_OBJC_MSGSEND = YES;
				GCC_C_LANGUAGE_STANDARD = gnu11;
				GCC_NO_COMMON_BLOCKS = YES;
				GCC_WARN_64_TO_32_BIT_CONVERSION = YES;
				GCC_WARN_ABOUT_RETURN_TYPE = YES_ERROR;
				GCC_WARN_UNDECLARED_SELECTOR = YES;
				GCC_WARN_UNINITIALIZED_AUTOS = YES_AGGRESSIVE;
				GCC_WARN_UNUSED_FUNCTION = YES;
				GCC_WARN_UNUSED_VARIABLE = YES;
				IPHONEOS_DEPLOYMENT_TARGET = 13.0;
				MTL_ENABLE_DEBUG_INFO = NO;
				SDKROOT = iphoneos;
				SWIFT_COMPILATION_MODE = wholemodule;
				SWIFT_OPTIMIZATION_LEVEL = "-O";
				VALIDATE_PRODUCT = YES;
			};
			name = Release;
		};
		951EB34722B6986200A9533B /* Debug */ = {
			isa = XCBuildConfiguration;
			baseConfigurationReference = C4CD8E9AA2201D33964A3CCD /* Pods-PersonRecognize.debug.xcconfig */;
			buildSettings = {
				ASSETCATALOG_COMPILER_APPICON_NAME = AppIcon1;
				CODE_SIGN_ENTITLEMENTS = PersonRecognize/PersonRecognize.entitlements;
				CODE_SIGN_STYLE = Manual;
				DEVELOPMENT_TEAM = 2F345FGHJG;
				INFOPLIST_FILE = PersonRecognize/Info.plist;
				IPHONEOS_DEPLOYMENT_TARGET = 13.0;
				LD_RUNPATH_SEARCH_PATHS = (
					"$(inherited)",
					"@executable_path/Frameworks",
				);
				PRODUCT_BUNDLE_IDENTIFIER = "com.c2c-platform.FaceRecognition.Dev";
				PRODUCT_NAME = "$(TARGET_NAME)";
				PROVISIONING_PROFILE_SPECIFIER = "FaceRecognition Development";
				SUPPORTS_MACCATALYST = NO;
				SWIFT_OBJC_BRIDGING_HEADER = "PersonRecognize/Bridging-Header.h";
				SWIFT_VERSION = 5.0;
				TARGETED_DEVICE_FAMILY = "1,2";
			};
			name = Debug;
		};
		951EB34822B6986200A9533B /* Release */ = {
			isa = XCBuildConfiguration;
			baseConfigurationReference = 43FBB4A03133E68FA1BD6073 /* Pods-PersonRecognize.release.xcconfig */;
			buildSettings = {
				ASSETCATALOG_COMPILER_APPICON_NAME = AppIcon1;
				CODE_SIGN_ENTITLEMENTS = PersonRecognize/PersonRecognize.entitlements;
				CODE_SIGN_STYLE = Automatic;
				DEVELOPMENT_TEAM = U9EGC55R6Z;
				INFOPLIST_FILE = PersonRecognize/Info.plist;
				IPHONEOS_DEPLOYMENT_TARGET = 13.0;
				LD_RUNPATH_SEARCH_PATHS = (
					"$(inherited)",
					"@executable_path/Frameworks",
				);
				PRODUCT_BUNDLE_IDENTIFIER = "com.c2c-platform.FaceRecognition.Dev";
				PRODUCT_NAME = "$(TARGET_NAME)";
				SUPPORTS_MACCATALYST = NO;
				SWIFT_OBJC_BRIDGING_HEADER = "PersonRecognize/Bridging-Header.h";
				SWIFT_VERSION = 5.0;
				TARGETED_DEVICE_FAMILY = "1,2";
			};
			name = Release;
		};
/* End XCBuildConfiguration section */

/* Begin XCConfigurationList section */
		951EB32F22B6985D00A9533B /* Build configuration list for PBXProject "PersonRecognize" */ = {
			isa = XCConfigurationList;
			buildConfigurations = (
				951EB34422B6986200A9533B /* Debug */,
				951EB34522B6986200A9533B /* Release */,
			);
			defaultConfigurationIsVisible = 0;
			defaultConfigurationName = Release;
		};
		951EB34622B6986200A9533B /* Build configuration list for PBXNativeTarget "PersonRecognize" */ = {
			isa = XCConfigurationList;
			buildConfigurations = (
				951EB34722B6986200A9533B /* Debug */,
				951EB34822B6986200A9533B /* Release */,
			);
			defaultConfigurationIsVisible = 0;
			defaultConfigurationName = Release;
		};
/* End XCConfigurationList section */
	};
	rootObject = 951EB32C22B6985D00A9533B /* Project object */;
}
